<?xml version="1.0" encoding="utf-8"?>
<Project ToolsVersion="4.0" xmlns="http://schemas.microsoft.com/developer/msbuild/2003">
  <ItemGroup>
    <Filter Include="DLL Source Files">
      <UniqueIdentifier>{392b71d0-8607-4545-bb61-97aa13494909}</UniqueIdentifier>
      <Extensions>cpp;c;cxx;rc;def;r;odl;idl;hpj;bat</Extensions>
    </Filter>
    <Filter Include="DLL Header Files">
      <UniqueIdentifier>{ea3d98af-6aa8-4fc3-a1bf-a524336247f1}</UniqueIdentifier>
      <Extensions>h;hpp;hxx;hm;inl</Extensions>
    </Filter>
    <Filter Include="IOCPServer">
      <UniqueIdentifier>{c196daae-f954-4be2-8d63-d111e93a45dd}</UniqueIdentifier>
    </Filter>
    <Filter Include="IOCPServer\Source Files">
      <UniqueIdentifier>{08a0132e-cf5e-4bdd-b32d-95406404508a}</UniqueIdentifier>
    </Filter>
    <Filter Include="IOCPServer\Header Files">
      <UniqueIdentifier>{57937aba-65c9-4eea-a30c-592917ba0153}</UniqueIdentifier>
    </Filter>
    <Filter Include="Interface">
      <UniqueIdentifier>{7e19a87e-03d5-40b7-b7ef-831d507e38de}</UniqueIdentifier>
    </Filter>
    <Filter Include="Lib">
      <UniqueIdentifier>{42b1ab77-ae0c-499a-aace-cdfa76c425dd}</UniqueIdentifier>
    </Filter>
    <Filter Include="Lib\Debug">
      <UniqueIdentifier>{f08286ef-df7f-4c7e-8adb-dd8c1db1fd4d}</UniqueIdentifier>
    </Filter>
    <Filter Include="Lib\Release">
      <UniqueIdentifier>{3e92ecb6-a69e-4c4d-918e-f3a38e53ef3d}</UniqueIdentifier>
    </Filter>
    <Filter Include="Resource Files">
      <UniqueIdentifier>{9e4b17eb-3848-485d-91bf-0d493fd69fa1}</UniqueIdentifier>
      <Extensions>ico;cur;bmp;dlg;rc2;rct;bin;rgs;gif;jpg;jpeg;jpe</Extensions>
    </Filter>
  </ItemGroup>
  <ItemGroup>
    <ClCompile Include="Heaven.cpp">
      <Filter>DLL Source Files</Filter>
    </ClCompile>
    <ClCompile Include="IServer.cpp">
      <Filter>DLL Source Files</Filter>
    </ClCompile>
    <ClCompile Include="ServerStage.cpp">
      <Filter>IOCPServer\Source Files</Filter>
    </ClCompile>
  </ItemGroup>
  <ItemGroup>
    <None Include="Heaven.def">
      <Filter>DLL Header Files</Filter>
    </None>
    <None Include="Interface.txt" />
  </ItemGroup>
  <ItemGroup>
    <ClInclude Include="ServerStage.h">
      <Filter>IOCPServer\Header Files</Filter>
    </ClInclude>
    <ClInclude Include="Interface\HeavenInterface.h">
      <Filter>Interface</Filter>
    </ClInclude>
    <ClInclude Include="Interface\IServer.h">
      <Filter>Interface</Filter>
    </ClInclude>
  </ItemGroup>
  <ItemGroup>
    <CustomBuild Include="..\..\..\Lib\debug\common.lib">
      <Filter>Lib\Debug</Filter>
    </CustomBuild>
    <CustomBuild Include="..\..\..\Lib\release\common.lib">
      <Filter>Lib\Release</Filter>
    </CustomBuild>
  </ItemGroup>
</Project>