<?xml version="1.0" encoding="utf-8"?>
<Project ToolsVersion="4.0" xmlns="http://schemas.microsoft.com/developer/msbuild/2003">
  <ItemGroup>
    <Filter Include="Source Files">
      <UniqueIdentifier>{d378d061-0a7f-43b4-870d-8d89aab69ddb}</UniqueIdentifier>
      <Extensions>cpp;c;cxx;rc;def;r;odl;idl;hpj;bat</Extensions>
    </Filter>
    <Filter Include="Header Files">
      <UniqueIdentifier>{65e8f534-a595-4fb6-b6a8-9d6a807f6e99}</UniqueIdentifier>
      <Extensions>h;hpp;hxx;hm;inl</Extensions>
    </Filter>
    <Filter Include="Resource Files">
      <UniqueIdentifier>{2465eded-9917-4c57-90a7-bdde131d8972}</UniqueIdentifier>
      <Extensions>ico;cur;bmp;dlg;rc2;rct;bin;rgs;gif;jpg;jpeg;jpe</Extensions>
    </Filter>
    <Filter Include="lib">
      <UniqueIdentifier>{fb507f4b-5dab-48f6-9bd8-ef419f895b86}</UniqueIdentifier>
    </Filter>
    <Filter Include="lib\debug">
      <UniqueIdentifier>{ed798f3e-2945-43ca-bc7b-713522139d0c}</UniqueIdentifier>
    </Filter>
    <Filter Include="lib\release">
      <UniqueIdentifier>{311886ea-1dd1-47de-bb22-3c8b30874dfb}</UniqueIdentifier>
    </Filter>
  </ItemGroup>
  <ItemGroup>
    <ClCompile Include="ClientNode.cpp">
      <Filter>Source Files</Filter>
    </ClCompile>
    <ClCompile Include="DBBackup.cpp">
      <Filter>Source Files</Filter>
    </ClCompile>
    <ClCompile Include="DBDumpLoad.cpp">
      <Filter>Source Files</Filter>
    </ClCompile>
    <ClCompile Include="DBTable.cpp">
      <Filter>Source Files</Filter>
    </ClCompile>
    <ClCompile Include="FilterTextLib.cpp">
      <Filter>Source Files</Filter>
    </ClCompile>
    <ClCompile Include="Goddess.cpp">
      <Filter>Source Files</Filter>
    </ClCompile>
    <ClCompile Include="IDBRoleServer.cpp">
      <Filter>Source Files</Filter>
    </ClCompile>
    <ClCompile Include="RoleNameFilter.cpp">
      <Filter>Source Files</Filter>
    </ClCompile>
    <ClCompile Include="StdAfx.cpp">
      <Filter>Source Files</Filter>
    </ClCompile>
  </ItemGroup>
  <ItemGroup>
    <ClInclude Include="ClientNode.h">
      <Filter>Header Files</Filter>
    </ClInclude>
    <ClInclude Include="db.h">
      <Filter>Header Files</Filter>
    </ClInclude>
    <ClInclude Include="DBBackup.h">
      <Filter>Header Files</Filter>
    </ClInclude>
    <ClInclude Include="DBDumpLoad.h">
      <Filter>Header Files</Filter>
    </ClInclude>
    <ClInclude Include="DBTable.h">
      <Filter>Header Files</Filter>
    </ClInclude>
    <ClInclude Include="FilterTextLib.h">
      <Filter>Header Files</Filter>
    </ClInclude>
    <ClInclude Include="IDBRoleServer.h">
      <Filter>Header Files</Filter>
    </ClInclude>
    <ClInclude Include="RoleNameFilter.h">
      <Filter>Header Files</Filter>
    </ClInclude>
    <ClInclude Include="StdAfx.h">
      <Filter>Header Files</Filter>
    </ClInclude>
    <ClInclude Include="resource.h">
      <Filter>Resource Files</Filter>
    </ClInclude>
  </ItemGroup>
  <ItemGroup>
    <None Include="res\goddess.ico">
      <Filter>Resource Files</Filter>
    </None>
    <None Include="ReadMe.txt" />
  </ItemGroup>
  <ItemGroup>
    <ResourceCompile Include="Goddess.rc">
      <Filter>Resource Files</Filter>
    </ResourceCompile>
  </ItemGroup>
  <ItemGroup>
    <Library Include="libdb41s.lib" />
  </ItemGroup>
  <ItemGroup>
    <CustomBuild Include="..\..\..\Lib\debug\common.lib">
      <Filter>lib\debug</Filter>
    </CustomBuild>
    <CustomBuild Include="..\..\..\Lib\release\common.lib">
      <Filter>lib\release</Filter>
    </CustomBuild>
  </ItemGroup>
</Project>