<?xml version="1.0" encoding="utf-8"?>
<Project ToolsVersion="4.0" xmlns="http://schemas.microsoft.com/developer/msbuild/2003">
  <ItemGroup>
    <Filter Include="Header Files">
      <UniqueIdentifier>{93995380-89BD-4b04-88EB-625FBE52EBFB}</UniqueIdentifier>
      <Extensions>h;hpp;hxx;hm;inl;inc;xsd</Extensions>
    </Filter>
    <Filter Include="Resource Files">
      <UniqueIdentifier>{67DA6AB6-F800-4c08-8B7A-83BB121AAD01}</UniqueIdentifier>
      <Extensions>rc;ico;cur;bmp;dlg;rc2;rct;bin;rgs;gif;jpg;jpeg;jpe;resx;tiff;tif;png;wav;mfcribbon-ms</Extensions>
    </Filter>
    <Filter Include="Header Files\Modules">
      <UniqueIdentifier>{d3db4067-0dec-490c-957d-c0ae3a814de2}</UniqueIdentifier>
    </Filter>
    <Filter Include="Lib">
      <UniqueIdentifier>{f4d28d63-1f48-46c5-b2ee-86761c2ca124}</UniqueIdentifier>
    </Filter>
    <Filter Include="Source Files">
      <UniqueIdentifier>{4FC737F1-C7A5-4376-A066-2A32D752A2FF}</UniqueIdentifier>
      <Extensions>cpp;c;cc;cxx;def;odl;idl;hpj;bat;asm;asmx</Extensions>
    </Filter>
    <Filter Include="Source Files\Modules">
      <UniqueIdentifier>{d03acafb-6d9a-466c-844e-e454f23bc51f}</UniqueIdentifier>
    </Filter>
    <Filter Include="Source Files\Library">
      <UniqueIdentifier>{6ec2fbd9-d6c9-403a-b29f-9f8d18215646}</UniqueIdentifier>
    </Filter>
    <Filter Include="Source Files\Scene">
      <UniqueIdentifier>{15c63862-bea9-452b-b405-5247357c4b4a}</UniqueIdentifier>
    </Filter>
    <Filter Include="Source Files\Engine">
      <UniqueIdentifier>{a461e0e2-9533-4423-9365-0b151306c075}</UniqueIdentifier>
    </Filter>
    <Filter Include="Source Files\iRepresent">
      <UniqueIdentifier>{129b9758-6f02-4ba9-a506-b23a74b3dda8}</UniqueIdentifier>
    </Filter>
    <Filter Include="Source Files\Font">
      <UniqueIdentifier>{aa0a6cbb-b0b1-4322-9f7f-ac10c80f79ed}</UniqueIdentifier>
    </Filter>
    <Filter Include="Source Files\Text">
      <UniqueIdentifier>{b61bf990-3445-42cc-bc74-91dd738b6299}</UniqueIdentifier>
    </Filter>
    <Filter Include="Source Files\Image">
      <UniqueIdentifier>{394fe205-1dbb-43ed-bb87-340e5607f984}</UniqueIdentifier>
    </Filter>
    <Filter Include="Header Files\iRepresent">
      <UniqueIdentifier>{67021ef8-2775-4bdc-9c76-8bf0069275cf}</UniqueIdentifier>
    </Filter>
  </ItemGroup>
  <ItemGroup>
    <None Include="SplashScreen\InitSplash.bmp">
      <Filter>Resource Files</Filter>
    </None>
    <None Include="SplashScreen\CloseSplash.bmp">
      <Filter>Resource Files</Filter>
    </None>
    <None Include="Ui\WmdCtrlKey.txt" />
    <None Include="AddressTable1.bin">
      <Filter>Resource Files</Filter>
    </None>
    <None Include="AddressTable2.bin">
      <Filter>Resource Files</Filter>
    </None>
    <None Include="AddressTable3.bin">
      <Filter>Resource Files</Filter>
    </None>
    <None Include="cpp.hint" />
  </ItemGroup>
  <ItemGroup>
    <ClInclude Include="stdafx.h">
      <Filter>Header Files</Filter>
    </ClInclude>
    <ClInclude Include="Anti-Cheat-Client.h">
      <Filter>Header Files</Filter>
    </ClInclude>
    <ClInclude Include="Connection.h">
      <Filter>Header Files</Filter>
    </ClInclude>
    <ClInclude Include="CriticalSection.h">
      <Filter>Header Files</Filter>
    </ClInclude>
    <ClInclude Include="Util.h">
      <Filter>Header Files</Filter>
    </ClInclude>
    <ClInclude Include="Protect.h">
      <Filter>Header Files</Filter>
    </ClInclude>
    <ClInclude Include="HackCheck.h">
      <Filter>Header Files</Filter>
    </ClInclude>
    <ClInclude Include="HackServerProtocol.h">
      <Filter>Header Files</Filter>
    </ClInclude>
    <ClInclude Include="ListManager.h">
      <Filter>Header Files</Filter>
    </ClInclude>
    <ClInclude Include="DumpCheck.h">
      <Filter>Header Files\Modules</Filter>
    </ClInclude>
    <ClInclude Include="FileCheck.h">
      <Filter>Header Files\Modules</Filter>
    </ClInclude>
    <ClInclude Include="FileMappingCheck.h">
      <Filter>Header Files\Modules</Filter>
    </ClInclude>
    <ClInclude Include="LibraryCheck.h">
      <Filter>Header Files\Modules</Filter>
    </ClInclude>
    <ClInclude Include="ExecutableCheck.h">
      <Filter>Header Files\Modules</Filter>
    </ClInclude>
    <ClInclude Include="SimpleModules.h">
      <Filter>Header Files\Modules</Filter>
    </ClInclude>
    <ClInclude Include="RegistryCheck.h">
      <Filter>Header Files\Modules</Filter>
    </ClInclude>
    <ClInclude Include="SplashScreen.h">
      <Filter>Header Files</Filter>
    </ClInclude>
    <ClInclude Include="resource.h">
      <Filter>Header Files</Filter>
    </ClInclude>
    <ClInclude Include="CCRC32.h">
      <Filter>Header Files</Filter>
    </ClInclude>
    <ClInclude Include="ThreadCheck.h">
      <Filter>Header Files\Modules</Filter>
    </ClInclude>
    <ClInclude Include="ProcessQuery.h">
      <Filter>Header Files</Filter>
    </ClInclude>
    <ClInclude Include="ProcessManager.h">
      <Filter>Header Files</Filter>
    </ClInclude>
    <ClInclude Include="Message.h">
      <Filter>Header Files</Filter>
    </ClInclude>
    <ClInclude Include="Log.h">
      <Filter>Header Files</Filter>
    </ClInclude>
    <ClInclude Include="MacroCheck.h">
      <Filter>Header Files\Modules</Filter>
    </ClInclude>
    <ClInclude Include="ProcessCheck.h">
      <Filter>Header Files\Modules</Filter>
    </ClInclude>
    <ClInclude Include="FileProtect.h">
      <Filter>Header Files</Filter>
    </ClInclude>
    <ClInclude Include="Authenticate.h">
      <Filter>Header Files</Filter>
    </ClInclude>
    <ClInclude Include="PacketManager.h">
      <Filter>Header Files</Filter>
    </ClInclude>
    <ClInclude Include="KPlayerSafe.h">
      <Filter>Header Files</Filter>
    </ClInclude>
    <ClInclude Include="INIReader.h">
      <Filter>Header Files\Modules</Filter>
    </ClInclude>
    <ClInclude Include="StatusDisplayer.h">
      <Filter>Header Files</Filter>
    </ClInclude>
    <ClInclude Include="KLuaScript.h">
      <Filter>Header Files</Filter>
    </ClInclude>
    <ClInclude Include="SkillState.h">
      <Filter>Header Files</Filter>
    </ClInclude>
    <ClInclude Include="TempWindow.h">
      <Filter>Header Files</Filter>
    </ClInclude>
    <ClInclude Include="TempImage.h">
      <Filter>Header Files</Filter>
    </ClInclude>
    <ClInclude Include="TempButton.h">
      <Filter>Header Files</Filter>
    </ClInclude>
    <ClInclude Include="NewUiWindow.h">
      <Filter>Header Files</Filter>
    </ClInclude>
    <ClInclude Include="NewUiText.h">
      <Filter>Header Files</Filter>
    </ClInclude>
    <ClInclude Include="NewUiButton.h">
      <Filter>Header Files</Filter>
    </ClInclude>
    <ClInclude Include="NewUiImage.h">
      <Filter>Header Files</Filter>
    </ClInclude>
    <ClInclude Include="NewImagePart.h">
      <Filter>Header Files</Filter>
    </ClInclude>
    <ClInclude Include="NewImage.h">
      <Filter>Header Files</Filter>
    </ClInclude>
    <ClInclude Include="DetectVM.h">
      <Filter>Header Files\Modules</Filter>
    </ClInclude>
    <ClInclude Include="KItemEx.h">
      <Filter>Header Files</Filter>
    </ClInclude>
    <ClInclude Include="KUiMissionTime.h">
      <Filter>Header Files</Filter>
    </ClInclude>
    <ClInclude Include="iRepresentShell.h">
      <Filter>Header Files\iRepresent</Filter>
    </ClInclude>
    <ClInclude Include="KRepresentShell2.h">
      <Filter>Header Files</Filter>
    </ClInclude>
  </ItemGroup>
  <ItemGroup>
    <ClCompile Include="stdafx.cpp">
      <Filter>Source Files</Filter>
    </ClCompile>
    <ClCompile Include="Anti-Cheat-Client.cpp">
      <Filter>Source Files</Filter>
    </ClCompile>
    <ClCompile Include="Connection.cpp">
      <Filter>Source Files</Filter>
    </ClCompile>
    <ClCompile Include="CriticalSection.cpp">
      <Filter>Source Files</Filter>
    </ClCompile>
    <ClCompile Include="Util.cpp">
      <Filter>Source Files</Filter>
    </ClCompile>
    <ClCompile Include="Protect.cpp">
      <Filter>Source Files</Filter>
    </ClCompile>
    <ClCompile Include="HackCheck.cpp">
      <Filter>Source Files</Filter>
    </ClCompile>
    <ClCompile Include="ListManager.cpp">
      <Filter>Source Files</Filter>
    </ClCompile>
    <ClCompile Include="DumpCheck.cpp">
      <Filter>Source Files\Modules</Filter>
    </ClCompile>
    <ClCompile Include="FileCheck.cpp">
      <Filter>Source Files\Modules</Filter>
    </ClCompile>
    <ClCompile Include="FileMappingCheck.cpp">
      <Filter>Source Files\Modules</Filter>
    </ClCompile>
    <ClCompile Include="LibraryCheck.cpp">
      <Filter>Source Files\Modules</Filter>
    </ClCompile>
    <ClCompile Include="ExecutableCheck.cpp">
      <Filter>Source Files\Modules</Filter>
    </ClCompile>
    <ClCompile Include="SimpleModules.cpp">
      <Filter>Source Files\Modules</Filter>
    </ClCompile>
    <ClCompile Include="RegistryCheck.cpp">
      <Filter>Source Files\Modules</Filter>
    </ClCompile>
    <ClCompile Include="SplashScreen.cpp">
      <Filter>Source Files</Filter>
    </ClCompile>
    <ClCompile Include="CCRC32.cpp">
      <Filter>Source Files</Filter>
    </ClCompile>
    <ClCompile Include="ThreadCheck.cpp">
      <Filter>Source Files\Modules</Filter>
    </ClCompile>
    <ClCompile Include="ProcessQuery.cpp">
      <Filter>Source Files</Filter>
    </ClCompile>
    <ClCompile Include="ProcessManager.cpp">
      <Filter>Source Files</Filter>
    </ClCompile>
    <ClCompile Include="Message.cpp">
      <Filter>Source Files</Filter>
    </ClCompile>
    <ClCompile Include="Log.cpp">
      <Filter>Source Files</Filter>
    </ClCompile>
    <ClCompile Include="WindowCheck.cpp">
      <Filter>Source Files\Modules</Filter>
    </ClCompile>
    <ClCompile Include="MacroCheck.cpp">
      <Filter>Source Files\Modules</Filter>
    </ClCompile>
    <ClCompile Include="ProcessCheck.cpp">
      <Filter>Source Files\Modules</Filter>
    </ClCompile>
    <ClCompile Include="FileProtect.cpp">
      <Filter>Source Files</Filter>
    </ClCompile>
    <ClCompile Include="HackServerProtocol.cpp">
      <Filter>Source Files</Filter>
    </ClCompile>
    <ClCompile Include="Authenticate.cpp">
      <Filter>Source Files</Filter>
    </ClCompile>
    <ClCompile Include="PacketManager.cpp">
      <Filter>Source Files</Filter>
    </ClCompile>
    <ClCompile Include="StatusDisplayer.cpp">
      <Filter>Source Files</Filter>
    </ClCompile>
    <ClCompile Include="KLuaScript.cpp">
      <Filter>Source Files\Modules</Filter>
    </ClCompile>
    <ClCompile Include="SkillState.cpp">
      <Filter>Source Files</Filter>
    </ClCompile>
    <ClCompile Include="KPlayerSafe.cpp">
      <Filter>Source Files</Filter>
    </ClCompile>
    <ClCompile Include="TempWindow.cpp">
      <Filter>Source Files</Filter>
    </ClCompile>
    <ClCompile Include="TempImage.cpp">
      <Filter>Source Files</Filter>
    </ClCompile>
    <ClCompile Include="TempButton.cpp">
      <Filter>Source Files</Filter>
    </ClCompile>
    <ClCompile Include="NewUiWindow.cpp">
      <Filter>Source Files</Filter>
    </ClCompile>
    <ClCompile Include="NewUiText.cpp">
      <Filter>Source Files</Filter>
    </ClCompile>
    <ClCompile Include="NewUiButton.cpp">
      <Filter>Source Files</Filter>
    </ClCompile>
    <ClCompile Include="NewUiImage.cpp">
      <Filter>Source Files</Filter>
    </ClCompile>
    <ClCompile Include="NewImagePart.cpp">
      <Filter>Source Files</Filter>
    </ClCompile>
    <ClCompile Include="NewImage.cpp">
      <Filter>Source Files</Filter>
    </ClCompile>
    <ClCompile Include="DetectVM.cpp">
      <Filter>Source Files\Modules</Filter>
    </ClCompile>
    <ClCompile Include="KItemEx.cpp">
      <Filter>Source Files</Filter>
    </ClCompile>
    <ClCompile Include="KUiMissionTime.cpp">
      <Filter>Source Files</Filter>
    </ClCompile>
  </ItemGroup>
  <ItemGroup>
    <ResourceCompile Include="Anti-Cheat-Client1.rc">
      <Filter>Resource Files</Filter>
    </ResourceCompile>
  </ItemGroup>
</Project>