<?xml version="1.0" encoding="utf-8"?>
<Project ToolsVersion="4.0" xmlns="http://schemas.microsoft.com/developer/msbuild/2003">
  <ItemGroup>
    <Filter Include="Source Files">
      <UniqueIdentifier>{dc84bae8-eaaf-4e46-ba5b-cdccf2a47f3a}</UniqueIdentifier>
      <Extensions>cpp;c;cxx;rc;def;r;odl;idl;hpj;bat</Extensions>
    </Filter>
    <Filter Include="Header Files">
      <UniqueIdentifier>{7fe88a73-983d-40cb-b5e4-eb5e20283116}</UniqueIdentifier>
      <Extensions>h;hpp;hxx;hm;inl</Extensions>
    </Filter>
    <Filter Include="Lib">
      <UniqueIdentifier>{ea2293ec-919a-4510-9504-ecd6af758188}</UniqueIdentifier>
    </Filter>
    <Filter Include="Lib\debug">
      <UniqueIdentifier>{c1f5bcb5-46ac-4970-8284-7e6359a6b698}</UniqueIdentifier>
    </Filter>
    <Filter Include="Lib\release">
      <UniqueIdentifier>{7badf96b-0524-4a23-b1dc-7abcf5d68888}</UniqueIdentifier>
    </Filter>
    <Filter Include="Resource Files">
      <UniqueIdentifier>{a352e870-2fa9-4443-bba9-2f0bbdef44f3}</UniqueIdentifier>
      <Extensions>ico;cur;bmp;dlg;rc2;rct;bin;rgs;gif;jpg;jpeg;jpe</Extensions>
    </Filter>
  </ItemGroup>
  <ItemGroup>
    <ClCompile Include="D3D_Device.cpp">
      <Filter>Source Files</Filter>
    </ClCompile>
    <ClCompile Include="D3D_Shell.cpp">
      <Filter>Source Files</Filter>
    </ClCompile>
    <ClCompile Include="D3D_Utils.cpp">
      <Filter>Source Files</Filter>
    </ClCompile>
    <ClCompile Include="..\iRepresent\Font\KCharSet.cpp">
      <Filter>Source Files</Filter>
    </ClCompile>
    <ClCompile Include="..\iRepresent\Font\KFont3.cpp">
      <Filter>Source Files</Filter>
    </ClCompile>
    <ClCompile Include="..\iRepresent\Font\KFontData.cpp">
      <Filter>Source Files</Filter>
    </ClCompile>
    <ClCompile Include="..\iRepresent\Font\KFontRes.cpp">
      <Filter>Source Files</Filter>
    </ClCompile>
    <ClCompile Include="..\iRepresent\Font\KMRU.cpp">
      <Filter>Source Files</Filter>
    </ClCompile>
    <ClCompile Include="KRepresentShell3.cpp">
      <Filter>Source Files</Filter>
    </ClCompile>
    <ClCompile Include="precompile.cpp">
      <Filter>Source Files</Filter>
    </ClCompile>
    <ClCompile Include="..\iRepresent\RepresentUtility.cpp">
      <Filter>Source Files</Filter>
    </ClCompile>
    <ClCompile Include="..\iRepresent\Text\TextProcess.cpp">
      <Filter>Source Files</Filter>
    </ClCompile>
    <ClCompile Include="TextureRes.cpp">
      <Filter>Source Files</Filter>
    </ClCompile>
    <ClCompile Include="TextureResMgr.cpp">
      <Filter>Source Files</Filter>
    </ClCompile>
  </ItemGroup>
  <ItemGroup>
    <ClInclude Include="BaseInclude.h">
      <Filter>Header Files</Filter>
    </ClInclude>
    <ClInclude Include="D3D_Device.h">
      <Filter>Header Files</Filter>
    </ClInclude>
    <ClInclude Include="D3D_Shell.h">
      <Filter>Header Files</Filter>
    </ClInclude>
    <ClInclude Include="D3D_Utils.h">
      <Filter>Header Files</Filter>
    </ClInclude>
    <ClInclude Include="..\iRepresent\Font\KFont3.h">
      <Filter>Header Files</Filter>
    </ClInclude>
    <ClInclude Include="KRepresentShell3.h">
      <Filter>Header Files</Filter>
    </ClInclude>
    <ClInclude Include="precompile.h">
      <Filter>Header Files</Filter>
    </ClInclude>
    <ClInclude Include="..\iRepresent\Text\TextProcess.h">
      <Filter>Header Files</Filter>
    </ClInclude>
    <ClInclude Include="..\iRepresent\Text\TextProcessDef.h">
      <Filter>Header Files</Filter>
    </ClInclude>
    <ClInclude Include="TextureRes.h">
      <Filter>Header Files</Filter>
    </ClInclude>
    <ClInclude Include="TextureResMgr.h">
      <Filter>Header Files</Filter>
    </ClInclude>
  </ItemGroup>
  <ItemGroup>
    <CustomBuild Include="..\..\..\Lib\debug\engine.lib">
      <Filter>Lib\debug</Filter>
    </CustomBuild>
    <CustomBuild Include="..\..\..\Lib\release\engine.lib">
      <Filter>Lib\release</Filter>
    </CustomBuild>
  </ItemGroup>
</Project>